
Microsoft Visual Studio Solution File, Format Version 12.00
# Visual Studio 15
Project("{FAE04EC0-301F-11D3-BF4B-00C04F79EFBC}") = "Assembly-CSharp", "Assembly-CSharp.csproj", "{DBBCF0B1-47BA-24A0-89B8-750D344AE9DB}"
EndProject
Global
	GlobalSection(SolutionConfigurationPlatforms) = preSolution
		Debug|Any CPU = Debug|Any CPU
		Release|Any CPU = Release|Any CPU
	EndGlobalSection
	GlobalSection(ProjectConfigurationPlatforms) = postSolution
		{DBBCF0B1-47BA-24A0-89B8-750D344AE9DB}.Debug|Any CPU.ActiveCfg = Debug|Any CPU
		{DBBCF0B1-47BA-24A0-89B8-750D344AE9DB}.Debug|Any CPU.Build.0 = Debug|Any CPU
		{DBBCF0B1-47BA-24A0-89B8-750D344AE9DB}.Release|Any CPU.ActiveCfg = Release|Any CPU
		{DBBCF0B1-47BA-24A0-89B8-750D344AE9DB}.Release|Any CPU.Build.0 = Release|Any CPU
	EndGlobalSection
	GlobalSection(SolutionProperties) = preSolution
		HideSolutionNode = FALSE
	EndGlobalSection
EndGlobal
