
Microsoft Visual Studio Solution File, Format Version 12.00
# Visual Studio Version 16
VisualStudioVersion = 16.0.30907.101
MinimumVisualStudioVersion = 10.0.40219.1
Project("{FAE04EC0-301F-11D3-BF4B-00C04F79EFBC}") = "Invertir", "Invertir\Invertir.csproj", "{009CB2AB-896D-4720-8D18-9405F7870D27}"
EndProject
Global
	GlobalSection(SolutionConfigurationPlatforms) = preSolution
		Debug|Any CPU = Debug|Any CPU
		Release|Any CPU = Release|Any CPU
	EndGlobalSection
	GlobalSection(ProjectConfigurationPlatforms) = postSolution
		{009CB2AB-896D-4720-8D18-9405F7870D27}.Debug|Any CPU.ActiveCfg = Debug|Any CPU
		{009CB2AB-896D-4720-8D18-9405F7870D27}.Debug|Any CPU.Build.0 = Debug|Any CPU
		{009CB2AB-896D-4720-8D18-9405F7870D27}.Release|Any CPU.ActiveCfg = Release|Any CPU
		{009CB2AB-896D-4720-8D18-9405F7870D27}.Release|Any CPU.Build.0 = Release|Any CPU
	EndGlobalSection
	GlobalSection(SolutionProperties) = preSolution
		HideSolutionNode = FALSE
	EndGlobalSection
	GlobalSection(ExtensibilityGlobals) = postSolution
		SolutionGuid = {50884121-2A4B-423B-938B-3F0CDB34D5E9}
	EndGlobalSection
EndGlobal
