
Microsoft Visual Studio Solution File, Format Version 12.00
# Visual Studio Version 16
VisualStudioVersion = 16.0.30907.101
MinimumVisualStudioVersion = 10.0.40219.1
Project("{FAE04EC0-301F-11D3-BF4B-00C04F79EFBC}") = "Valores", "Valores\Valores.csproj", "{0A3298F5-5DDE-4EA9-BBE7-2164A27F5AA5}"
EndProject
Global
	GlobalSection(SolutionConfigurationPlatforms) = preSolution
		Debug|Any CPU = Debug|Any CPU
		Release|Any CPU = Release|Any CPU
	EndGlobalSection
	GlobalSection(ProjectConfigurationPlatforms) = postSolution
		{0A3298F5-5DDE-4EA9-BBE7-2164A27F5AA5}.Debug|Any CPU.ActiveCfg = Debug|Any CPU
		{0A3298F5-5DDE-4EA9-BBE7-2164A27F5AA5}.Debug|Any CPU.Build.0 = Debug|Any CPU
		{0A3298F5-5DDE-4EA9-BBE7-2164A27F5AA5}.Release|Any CPU.ActiveCfg = Release|Any CPU
		{0A3298F5-5DDE-4EA9-BBE7-2164A27F5AA5}.Release|Any CPU.Build.0 = Release|Any CPU
	EndGlobalSection
	GlobalSection(SolutionProperties) = preSolution
		HideSolutionNode = FALSE
	EndGlobalSection
	GlobalSection(ExtensibilityGlobals) = postSolution
		SolutionGuid = {AC097B8C-34CB-457B-A29D-C78C25CEBA04}
	EndGlobalSection
EndGlobal
